
Microsoft Visual Studio Solution File, Format Version 12.00
# Visual Studio Version 17
VisualStudioVersion = 17.11.35111.106
MinimumVisualStudioVersion = 10.0.40219.1
Project("{FAE04EC0-301F-11D3-BF4B-00C04F79EFBC}") = "Flarum.Desktop", "Flarum.Uwp\Flarum.Desktop.csproj", "{C5F61FAC-F48C-4704-ACDA-2BC292F1448C}"
EndProject
Project("{FAE04EC0-301F-11D3-BF4B-00C04F79EFBC}") = "RichTextControls", "RichTextControls\RichTextControls.csproj", "{E3BD6F6F-B39E-4180-8182-DFE85C780BF4}"
EndProject
Project("{2150E333-8FDC-42A3-9474-1A3956D46DE8}") = "Platforms", "Platforms", "{93A2E956-D9B3-4D52-BD67-DC20841F8E51}"
EndProject
Global
	GlobalSection(SolutionConfigurationPlatforms) = preSolution
		Debug|Any CPU = Debug|Any CPU
		Debug|ARM = Debug|ARM
		Debug|ARM64 = Debug|ARM64
		Debug|x64 = Debug|x64
		Debug|x86 = Debug|x86
		NativeAot|Any CPU = NativeAot|Any CPU
		NativeAot|ARM = NativeAot|ARM
		NativeAot|ARM64 = NativeAot|ARM64
		NativeAot|x64 = NativeAot|x64
		NativeAot|x86 = NativeAot|x86
		Release|Any CPU = Release|Any CPU
		Release|ARM = Release|ARM
		Release|ARM64 = Release|ARM64
		Release|x64 = Release|x64
		Release|x86 = Release|x86
	EndGlobalSection
	GlobalSection(ProjectConfigurationPlatforms) = postSolution
		{C5F61FAC-F48C-4704-ACDA-2BC292F1448C}.Debug|Any CPU.ActiveCfg = Debug|Any CPU
		{C5F61FAC-F48C-4704-ACDA-2BC292F1448C}.Debug|Any CPU.Build.0 = Debug|Any CPU
		{C5F61FAC-F48C-4704-ACDA-2BC292F1448C}.Debug|ARM.ActiveCfg = Debug|ARM
		{C5F61FAC-F48C-4704-ACDA-2BC292F1448C}.Debug|ARM.Build.0 = Debug|ARM
		{C5F61FAC-F48C-4704-ACDA-2BC292F1448C}.Debug|ARM.Deploy.0 = Debug|ARM
		{C5F61FAC-F48C-4704-ACDA-2BC292F1448C}.Debug|ARM64.ActiveCfg = Debug|ARM64
		{C5F61FAC-F48C-4704-ACDA-2BC292F1448C}.Debug|ARM64.Build.0 = Debug|ARM64
		{C5F61FAC-F48C-4704-ACDA-2BC292F1448C}.Debug|ARM64.Deploy.0 = Debug|ARM64
		{C5F61FAC-F48C-4704-ACDA-2BC292F1448C}.Debug|x64.ActiveCfg = Debug|x64
		{C5F61FAC-F48C-4704-ACDA-2BC292F1448C}.Debug|x64.Build.0 = Debug|x64
		{C5F61FAC-F48C-4704-ACDA-2BC292F1448C}.Debug|x64.Deploy.0 = Debug|x64
		{C5F61FAC-F48C-4704-ACDA-2BC292F1448C}.Debug|x86.ActiveCfg = Debug|x86
		{C5F61FAC-F48C-4704-ACDA-2BC292F1448C}.Debug|x86.Build.0 = Debug|x86
		{C5F61FAC-F48C-4704-ACDA-2BC292F1448C}.Debug|x86.Deploy.0 = Debug|x86
		{C5F61FAC-F48C-4704-ACDA-2BC292F1448C}.NativeAot|Any CPU.ActiveCfg = NativeAot|x64
		{C5F61FAC-F48C-4704-ACDA-2BC292F1448C}.NativeAot|Any CPU.Build.0 = NativeAot|x64
		{C5F61FAC-F48C-4704-ACDA-2BC292F1448C}.NativeAot|Any CPU.Deploy.0 = NativeAot|x64
		{C5F61FAC-F48C-4704-ACDA-2BC292F1448C}.NativeAot|ARM.ActiveCfg = NativeAot|x64
		{C5F61FAC-F48C-4704-ACDA-2BC292F1448C}.NativeAot|ARM.Build.0 = NativeAot|x64
		{C5F61FAC-F48C-4704-ACDA-2BC292F1448C}.NativeAot|ARM.Deploy.0 = NativeAot|x64
		{C5F61FAC-F48C-4704-ACDA-2BC292F1448C}.NativeAot|ARM64.ActiveCfg = NativeAot|arm64
		{C5F61FAC-F48C-4704-ACDA-2BC292F1448C}.NativeAot|ARM64.Build.0 = NativeAot|arm64
		{C5F61FAC-F48C-4704-ACDA-2BC292F1448C}.NativeAot|ARM64.Deploy.0 = NativeAot|arm64
		{C5F61FAC-F48C-4704-ACDA-2BC292F1448C}.NativeAot|x64.ActiveCfg = NativeAot|x64
		{C5F61FAC-F48C-4704-ACDA-2BC292F1448C}.NativeAot|x64.Build.0 = NativeAot|x64
		{C5F61FAC-F48C-4704-ACDA-2BC292F1448C}.NativeAot|x64.Deploy.0 = NativeAot|x64
		{C5F61FAC-F48C-4704-ACDA-2BC292F1448C}.NativeAot|x86.ActiveCfg = NativeAot|x86
		{C5F61FAC-F48C-4704-ACDA-2BC292F1448C}.NativeAot|x86.Build.0 = NativeAot|x86
		{C5F61FAC-F48C-4704-ACDA-2BC292F1448C}.NativeAot|x86.Deploy.0 = NativeAot|x86
		{C5F61FAC-F48C-4704-ACDA-2BC292F1448C}.Release|Any CPU.ActiveCfg = Release|Any CPU
		{C5F61FAC-F48C-4704-ACDA-2BC292F1448C}.Release|Any CPU.Build.0 = Release|Any CPU
		{C5F61FAC-F48C-4704-ACDA-2BC292F1448C}.Release|ARM.ActiveCfg = Release|ARM
		{C5F61FAC-F48C-4704-ACDA-2BC292F1448C}.Release|ARM.Build.0 = Release|ARM
		{C5F61FAC-F48C-4704-ACDA-2BC292F1448C}.Release|ARM.Deploy.0 = Release|ARM
		{C5F61FAC-F48C-4704-ACDA-2BC292F1448C}.Release|ARM64.ActiveCfg = Release|ARM64
		{C5F61FAC-F48C-4704-ACDA-2BC292F1448C}.Release|ARM64.Build.0 = Release|ARM64
		{C5F61FAC-F48C-4704-ACDA-2BC292F1448C}.Release|ARM64.Deploy.0 = Release|ARM64
		{C5F61FAC-F48C-4704-ACDA-2BC292F1448C}.Release|x64.ActiveCfg = Release|x64
		{C5F61FAC-F48C-4704-ACDA-2BC292F1448C}.Release|x64.Build.0 = Release|x64
		{C5F61FAC-F48C-4704-ACDA-2BC292F1448C}.Release|x64.Deploy.0 = Release|x64
		{C5F61FAC-F48C-4704-ACDA-2BC292F1448C}.Release|x86.ActiveCfg = Release|x86
		{C5F61FAC-F48C-4704-ACDA-2BC292F1448C}.Release|x86.Build.0 = Release|x86
		{C5F61FAC-F48C-4704-ACDA-2BC292F1448C}.Release|x86.Deploy.0 = Release|x86
		{E3BD6F6F-B39E-4180-8182-DFE85C780BF4}.Debug|Any CPU.ActiveCfg = Debug|Any CPU
		{E3BD6F6F-B39E-4180-8182-DFE85C780BF4}.Debug|Any CPU.Build.0 = Debug|Any CPU
		{E3BD6F6F-B39E-4180-8182-DFE85C780BF4}.Debug|ARM.ActiveCfg = Debug|ARM
		{E3BD6F6F-B39E-4180-8182-DFE85C780BF4}.Debug|ARM.Build.0 = Debug|ARM
		{E3BD6F6F-B39E-4180-8182-DFE85C780BF4}.Debug|ARM64.ActiveCfg = Debug|Any CPU
		{E3BD6F6F-B39E-4180-8182-DFE85C780BF4}.Debug|ARM64.Build.0 = Debug|Any CPU
		{E3BD6F6F-B39E-4180-8182-DFE85C780BF4}.Debug|x64.ActiveCfg = Debug|x64
		{E3BD6F6F-B39E-4180-8182-DFE85C780BF4}.Debug|x64.Build.0 = Debug|x64
		{E3BD6F6F-B39E-4180-8182-DFE85C780BF4}.Debug|x86.ActiveCfg = Debug|x86
		{E3BD6F6F-B39E-4180-8182-DFE85C780BF4}.Debug|x86.Build.0 = Debug|x86
		{E3BD6F6F-B39E-4180-8182-DFE85C780BF4}.NativeAot|Any CPU.ActiveCfg = NativeAot|x64
		{E3BD6F6F-B39E-4180-8182-DFE85C780BF4}.NativeAot|Any CPU.Build.0 = NativeAot|x64
		{E3BD6F6F-B39E-4180-8182-DFE85C780BF4}.NativeAot|ARM.ActiveCfg = NativeAot|x64
		{E3BD6F6F-B39E-4180-8182-DFE85C780BF4}.NativeAot|ARM.Build.0 = NativeAot|x64
		{E3BD6F6F-B39E-4180-8182-DFE85C780BF4}.NativeAot|ARM64.ActiveCfg = NativeAot|arm64
		{E3BD6F6F-B39E-4180-8182-DFE85C780BF4}.NativeAot|ARM64.Build.0 = NativeAot|arm64
		{E3BD6F6F-B39E-4180-8182-DFE85C780BF4}.NativeAot|x64.ActiveCfg = NativeAot|x64
		{E3BD6F6F-B39E-4180-8182-DFE85C780BF4}.NativeAot|x64.Build.0 = NativeAot|x64
		{E3BD6F6F-B39E-4180-8182-DFE85C780BF4}.NativeAot|x86.ActiveCfg = NativeAot|x86
		{E3BD6F6F-B39E-4180-8182-DFE85C780BF4}.NativeAot|x86.Build.0 = NativeAot|x86
		{E3BD6F6F-B39E-4180-8182-DFE85C780BF4}.Release|Any CPU.ActiveCfg = Release|Any CPU
		{E3BD6F6F-B39E-4180-8182-DFE85C780BF4}.Release|Any CPU.Build.0 = Release|Any CPU
		{E3BD6F6F-B39E-4180-8182-DFE85C780BF4}.Release|ARM.ActiveCfg = Release|ARM
		{E3BD6F6F-B39E-4180-8182-DFE85C780BF4}.Release|ARM.Build.0 = Release|ARM
		{E3BD6F6F-B39E-4180-8182-DFE85C780BF4}.Release|ARM64.ActiveCfg = Release|Any CPU
		{E3BD6F6F-B39E-4180-8182-DFE85C780BF4}.Release|ARM64.Build.0 = Release|Any CPU
		{E3BD6F6F-B39E-4180-8182-DFE85C780BF4}.Release|x64.ActiveCfg = Release|x64
		{E3BD6F6F-B39E-4180-8182-DFE85C780BF4}.Release|x64.Build.0 = Release|x64
		{E3BD6F6F-B39E-4180-8182-DFE85C780BF4}.Release|x86.ActiveCfg = Release|x86
		{E3BD6F6F-B39E-4180-8182-DFE85C780BF4}.Release|x86.Build.0 = Release|x86
	EndGlobalSection
	GlobalSection(SolutionProperties) = preSolution
		HideSolutionNode = FALSE
	EndGlobalSection
	GlobalSection(NestedProjects) = preSolution
		{C5F61FAC-F48C-4704-ACDA-2BC292F1448C} = {93A2E956-D9B3-4D52-BD67-DC20841F8E51}
		{E3BD6F6F-B39E-4180-8182-DFE85C780BF4} = {93A2E956-D9B3-4D52-BD67-DC20841F8E51}
	EndGlobalSection
	GlobalSection(ExtensibilityGlobals) = postSolution
		SolutionGuid = {E23C03C1-0747-4132-A6F9-EE0DEAD37105}
	EndGlobalSection
EndGlobal
